
Microsoft Visual Studio Solution File, Format Version 12.00
# Visual Studio Version 16
VisualStudioVersion = 16.0.33027.164
MinimumVisualStudioVersion = 10.0.40219.1
Project("{FAE04EC0-301F-11D3-BF4B-00C04F79EFBC}") = "cbasic6.5", "cbasic6.5\cbasic6.5.csproj", "{9060D982-8303-45DA-9045-CC671285AE3F}"
EndProject
Global
	GlobalSection(SolutionConfigurationPlatforms) = preSolution
		Debug|Any CPU = Debug|Any CPU
		Release|Any CPU = Release|Any CPU
	EndGlobalSection
	GlobalSection(ProjectConfigurationPlatforms) = postSolution
		{9060D982-8303-45DA-9045-CC671285AE3F}.Debug|Any CPU.ActiveCfg = Debug|Any CPU
		{9060D982-8303-45DA-9045-CC671285AE3F}.Debug|Any CPU.Build.0 = Debug|Any CPU
		{9060D982-8303-45DA-9045-CC671285AE3F}.Release|Any CPU.ActiveCfg = Release|Any CPU
		{9060D982-8303-45DA-9045-CC671285AE3F}.Release|Any CPU.Build.0 = Release|Any CPU
	EndGlobalSection
	GlobalSection(SolutionProperties) = preSolution
		HideSolutionNode = FALSE
	EndGlobalSection
	GlobalSection(ExtensibilityGlobals) = postSolution
		SolutionGuid = {13B0924F-7423-43F4-A5F0-B6953753E92E}
	EndGlobalSection
EndGlobal
